
Microsoft Visual Studio Solution File, Format Version 12.00
# Visual Studio Version 16
VisualStudioVersion = 16.0.30413.136
MinimumVisualStudioVersion = 10.0.40219.1
Project("{888888A0-9F3D-457C-B088-3A5042F75D52}") = "ПроверкаKeras", "ПроверкаKeras\ПроверкаKeras.pyproj", "{F9F8F9FC-4761-4F84-BC4F-CC8CF9D32BB9}"
EndProject
Global
	GlobalSection(SolutionConfigurationPlatforms) = preSolution
		Debug|Any CPU = Debug|Any CPU
		Release|Any CPU = Release|Any CPU
	EndGlobalSection
	GlobalSection(ProjectConfigurationPlatforms) = postSolution
		{F9F8F9FC-4761-4F84-BC4F-CC8CF9D32BB9}.Debug|Any CPU.ActiveCfg = Debug|Any CPU
		{F9F8F9FC-4761-4F84-BC4F-CC8CF9D32BB9}.Release|Any CPU.ActiveCfg = Release|Any CPU
	EndGlobalSection
	GlobalSection(SolutionProperties) = preSolution
		HideSolutionNode = FALSE
	EndGlobalSection
	GlobalSection(ExtensibilityGlobals) = postSolution
		SolutionGuid = {362C9533-1CEF-4472-A701-CFC5A51541B9}
	EndGlobalSection
EndGlobal
